packages:
- package: calogica/dbt_expectations
  version: 0.8.2
- package: dbt-labs/dbt_external_tables
  version: 0.8.2
- git: https://github.com/FlipsideCrypto/fsc-utils.git
  revision: d5a43b13ef69c9dd50a86aae5eeddc328789d9f9
- package: get-select/dbt_snowflake_query_tags
  version: 2.5.0
- package: calogica/dbt_date
  version: 0.7.2
- package: dbt-labs/dbt_utils
  version: 1.0.0
- git: https://github.com/FlipsideCrypto/livequery-models.git
  revision: b3d6329d3252b3dae5cf0a5e05044c085f05ea7c
sha1_hash: 434ca8a8ca99de424199f19ef86a3fcacb0e82ec
